// !$*UTF8*$!
{
	archiveVersion = 1;
	classes = {
	};
	objectVersion = 51;
	objects = {

/* Begin PBXBuildFile section */
		7C49200C7F541E2F99783F54 /* Pods_Packup__iOS_.framework in Frameworks */ = {isa = PBXBuildFile; fileRef = 618D3A9FAA7BEAB6A24EF62B /* Pods_Packup__iOS_.framework */; };
		91266EE72584E5B8009E9E37 /* UIPlayground.swift in Sources */ = {isa = PBXBuildFile; fileRef = 91266EE62584E5B8009E9E37 /* UIPlayground.swift */; };
		91266EE82584E5B8009E9E37 /* UIPlayground.swift in Sources */ = {isa = PBXBuildFile; fileRef = 91266EE62584E5B8009E9E37 /* UIPlayground.swift */; };
		912FEEF4257DC4D200930888 /* DeadlineFetcher.swift in Sources */ = {isa = PBXBuildFile; fileRef = 912FEEF3257DC4D200930888 /* DeadlineFetcher.swift */; };
		912FEEF5257DC4D200930888 /* DeadlineFetcher.swift in Sources */ = {isa = PBXBuildFile; fileRef = 912FEEF3257DC4D200930888 /* DeadlineFetcher.swift */; };
		912FEF0925830C5400930888 /* LoginView.swift in Sources */ = {isa = PBXBuildFile; fileRef = 912FEF0825830C5300930888 /* LoginView.swift */; };
		912FEF0A25830C5400930888 /* LoginView.swift in Sources */ = {isa = PBXBuildFile; fileRef = 912FEF0825830C5300930888 /* LoginView.swift */; };
		912FEF1025830C9A00930888 /* Packup.swift in Sources */ = {isa = PBXBuildFile; fileRef = 912FEF0F25830C9A00930888 /* Packup.swift */; };
		912FEF1125830C9A00930888 /* Packup.swift in Sources */ = {isa = PBXBuildFile; fileRef = 912FEF0F25830C9A00930888 /* Packup.swift */; };
		91321DFD2585D773000CB3EA /* DeadlineDetailView.swift in Sources */ = {isa = PBXBuildFile; fileRef = 91321DFC2585D773000CB3EA /* DeadlineDetailView.swift */; };
		91321DFE2585D773000CB3EA /* DeadlineDetailView.swift in Sources */ = {isa = PBXBuildFile; fileRef = 91321DFC2585D773000CB3EA /* DeadlineDetailView.swift */; };
		915975C8257DC18200D13BB1 /* DeadlineJSONList.swift in Sources */ = {isa = PBXBuildFile; fileRef = 915975C7257DC18200D13BB1 /* DeadlineJSONList.swift */; };
		915975C9257DC18200D13BB1 /* DeadlineJSONList.swift in Sources */ = {isa = PBXBuildFile; fileRef = 915975C7257DC18200D13BB1 /* DeadlineJSONList.swift */; };
		91804E6625845EC200B431A3 /* SwitchView.swift in Sources */ = {isa = PBXBuildFile; fileRef = 91804E6525845EC200B431A3 /* SwitchView.swift */; };
		91804E6725845EC200B431A3 /* SwitchView.swift in Sources */ = {isa = PBXBuildFile; fileRef = 91804E6525845EC200B431A3 /* SwitchView.swift */; };
		91826D8D256ABDCD00E5164D /* Tests_iOS.swift in Sources */ = {isa = PBXBuildFile; fileRef = 91826D8C256ABDCD00E5164D /* Tests_iOS.swift */; };
		91826D98256ABDCD00E5164D /* Tests_macOS.swift in Sources */ = {isa = PBXBuildFile; fileRef = 91826D97256ABDCD00E5164D /* Tests_macOS.swift */; };
		91826D9A256ABDCD00E5164D /* Packup.xcdatamodeld in Sources */ = {isa = PBXBuildFile; fileRef = 91826D6E256ABDCC00E5164D /* Packup.xcdatamodeld */; };
		91826D9B256ABDCD00E5164D /* Packup.xcdatamodeld in Sources */ = {isa = PBXBuildFile; fileRef = 91826D6E256ABDCC00E5164D /* Packup.xcdatamodeld */; };
		91826D9C256ABDCD00E5164D /* PackupApp.swift in Sources */ = {isa = PBXBuildFile; fileRef = 91826D70256ABDCC00E5164D /* PackupApp.swift */; };
		91826D9D256ABDCD00E5164D /* PackupApp.swift in Sources */ = {isa = PBXBuildFile; fileRef = 91826D70256ABDCC00E5164D /* PackupApp.swift */; };
		91826D9E256ABDCD00E5164D /* ContentView.swift in Sources */ = {isa = PBXBuildFile; fileRef = 91826D71256ABDCC00E5164D /* ContentView.swift */; };
		91826D9F256ABDCE00E5164D /* ContentView.swift in Sources */ = {isa = PBXBuildFile; fileRef = 91826D71256ABDCC00E5164D /* ContentView.swift */; };
		91826DA0256ABDCE00E5164D /* Persistence.swift in Sources */ = {isa = PBXBuildFile; fileRef = 91826D72256ABDCC00E5164D /* Persistence.swift */; };
		91826DA1256ABDCE00E5164D /* Persistence.swift in Sources */ = {isa = PBXBuildFile; fileRef = 91826D72256ABDCC00E5164D /* Persistence.swift */; };
		91826DA2256ABDCE00E5164D /* Assets.xcassets in Resources */ = {isa = PBXBuildFile; fileRef = 91826D73256ABDCD00E5164D /* Assets.xcassets */; };
		91826DA3256ABDCE00E5164D /* Assets.xcassets in Resources */ = {isa = PBXBuildFile; fileRef = 91826D73256ABDCD00E5164D /* Assets.xcassets */; };
		91826DCC256ABE7300E5164D /* Inter-Bold.otf in Resources */ = {isa = PBXBuildFile; fileRef = 91826DB8256ABE7300E5164D /* Inter-Bold.otf */; };
		91826DCD256ABE7300E5164D /* Inter-Bold.otf in Resources */ = {isa = PBXBuildFile; fileRef = 91826DB8256ABE7300E5164D /* Inter-Bold.otf */; };
		91826DCE256ABE7300E5164D /* Inter-Regular.otf in Resources */ = {isa = PBXBuildFile; fileRef = 91826DB9256ABE7300E5164D /* Inter-Regular.otf */; };
		91826DCF256ABE7300E5164D /* Inter-Regular.otf in Resources */ = {isa = PBXBuildFile; fileRef = 91826DB9256ABE7300E5164D /* Inter-Regular.otf */; };
		91826DD0256ABE7300E5164D /* Inter-V.otf in Resources */ = {isa = PBXBuildFile; fileRef = 91826DBA256ABE7300E5164D /* Inter-V.otf */; };
		91826DD1256ABE7300E5164D /* Inter-V.otf in Resources */ = {isa = PBXBuildFile; fileRef = 91826DBA256ABE7300E5164D /* Inter-V.otf */; };
		91826DD2256ABE7300E5164D /* Inter-SemiBoldItalic.otf in Resources */ = {isa = PBXBuildFile; fileRef = 91826DBB256ABE7300E5164D /* Inter-SemiBoldItalic.otf */; };
		91826DD3256ABE7300E5164D /* Inter-SemiBoldItalic.otf in Resources */ = {isa = PBXBuildFile; fileRef = 91826DBB256ABE7300E5164D /* Inter-SemiBoldItalic.otf */; };
		91826DD4256ABE7300E5164D /* Inter-Thin.otf in Resources */ = {isa = PBXBuildFile; fileRef = 91826DBC256ABE7300E5164D /* Inter-Thin.otf */; };
		91826DD5256ABE7300E5164D /* Inter-Thin.otf in Resources */ = {isa = PBXBuildFile; fileRef = 91826DBC256ABE7300E5164D /* Inter-Thin.otf */; };
		91826DD6256ABE7300E5164D /* Inter-Light.otf in Resources */ = {isa = PBXBuildFile; fileRef = 91826DBD256ABE7300E5164D /* Inter-Light.otf */; };
		91826DD7256ABE7300E5164D /* Inter-Light.otf in Resources */ = {isa = PBXBuildFile; fileRef = 91826DBD256ABE7300E5164D /* Inter-Light.otf */; };
		91826DD8256ABE7300E5164D /* Inter-ExtraLightItalic.otf in Resources */ = {isa = PBXBuildFile; fileRef = 91826DBE256ABE7300E5164D /* Inter-ExtraLightItalic.otf */; };
		91826DD9256ABE7300E5164D /* Inter-ExtraLightItalic.otf in Resources */ = {isa = PBXBuildFile; fileRef = 91826DBE256ABE7300E5164D /* Inter-ExtraLightItalic.otf */; };
		91826DDA256ABE7300E5164D /* Inter-Medium.otf in Resources */ = {isa = PBXBuildFile; fileRef = 91826DBF256ABE7300E5164D /* Inter-Medium.otf */; };
		91826DDB256ABE7300E5164D /* Inter-Medium.otf in Resources */ = {isa = PBXBuildFile; fileRef = 91826DBF256ABE7300E5164D /* Inter-Medium.otf */; };
		91826DDC256ABE7300E5164D /* .uuid in Resources */ = {isa = PBXBuildFile; fileRef = 91826DC0256ABE7300E5164D /* .uuid */; };
		91826DDD256ABE7300E5164D /* .uuid in Resources */ = {isa = PBXBuildFile; fileRef = 91826DC0256ABE7300E5164D /* .uuid */; };
		91826DDE256ABE7300E5164D /* Inter-SemiBold.otf in Resources */ = {isa = PBXBuildFile; fileRef = 91826DC1256ABE7300E5164D /* Inter-SemiBold.otf */; };
		91826DDF256ABE7300E5164D /* Inter-SemiBold.otf in Resources */ = {isa = PBXBuildFile; fileRef = 91826DC1256ABE7300E5164D /* Inter-SemiBold.otf */; };
		91826DE0256ABE7300E5164D /* Inter-BlackItalic.otf in Resources */ = {isa = PBXBuildFile; fileRef = 91826DC2256ABE7300E5164D /* Inter-BlackItalic.otf */; };
		91826DE1256ABE7300E5164D /* Inter-BlackItalic.otf in Resources */ = {isa = PBXBuildFile; fileRef = 91826DC2256ABE7300E5164D /* Inter-BlackItalic.otf */; };
		91826DE2256ABE7300E5164D /* Inter-MediumItalic.otf in Resources */ = {isa = PBXBuildFile; fileRef = 91826DC3256ABE7300E5164D /* Inter-MediumItalic.otf */; };
		91826DE3256ABE7300E5164D /* Inter-MediumItalic.otf in Resources */ = {isa = PBXBuildFile; fileRef = 91826DC3256ABE7300E5164D /* Inter-MediumItalic.otf */; };
		91826DE4256ABE7300E5164D /* Inter-Black.otf in Resources */ = {isa = PBXBuildFile; fileRef = 91826DC4256ABE7300E5164D /* Inter-Black.otf */; };
		91826DE5256ABE7300E5164D /* Inter-Black.otf in Resources */ = {isa = PBXBuildFile; fileRef = 91826DC4256ABE7300E5164D /* Inter-Black.otf */; };
		91826DE6256ABE7300E5164D /* Inter-Italic.otf in Resources */ = {isa = PBXBuildFile; fileRef = 91826DC5256ABE7300E5164D /* Inter-Italic.otf */; };
		91826DE7256ABE7300E5164D /* Inter-Italic.otf in Resources */ = {isa = PBXBuildFile; fileRef = 91826DC5256ABE7300E5164D /* Inter-Italic.otf */; };
		91826DE8256ABE7300E5164D /* Inter-ExtraBold.otf in Resources */ = {isa = PBXBuildFile; fileRef = 91826DC6256ABE7300E5164D /* Inter-ExtraBold.otf */; };
		91826DE9256ABE7300E5164D /* Inter-ExtraBold.otf in Resources */ = {isa = PBXBuildFile; fileRef = 91826DC6256ABE7300E5164D /* Inter-ExtraBold.otf */; };
		91826DEA256ABE7300E5164D /* Inter-ThinItalic.otf in Resources */ = {isa = PBXBuildFile; fileRef = 91826DC7256ABE7300E5164D /* Inter-ThinItalic.otf */; };
		91826DEB256ABE7300E5164D /* Inter-ThinItalic.otf in Resources */ = {isa = PBXBuildFile; fileRef = 91826DC7256ABE7300E5164D /* Inter-ThinItalic.otf */; };
		91826DEC256ABE7300E5164D /* Inter-ExtraLight.otf in Resources */ = {isa = PBXBuildFile; fileRef = 91826DC8256ABE7300E5164D /* Inter-ExtraLight.otf */; };
		91826DED256ABE7300E5164D /* Inter-ExtraLight.otf in Resources */ = {isa = PBXBuildFile; fileRef = 91826DC8256ABE7300E5164D /* Inter-ExtraLight.otf */; };
		91826DEE256ABE7300E5164D /* Inter-ExtraBoldItalic.otf in Resources */ = {isa = PBXBuildFile; fileRef = 91826DC9256ABE7300E5164D /* Inter-ExtraBoldItalic.otf */; };
		91826DEF256ABE7300E5164D /* Inter-ExtraBoldItalic.otf in Resources */ = {isa = PBXBuildFile; fileRef = 91826DC9256ABE7300E5164D /* Inter-ExtraBoldItalic.otf */; };
		91826DF0256ABE7300E5164D /* Inter-BoldItalic.otf in Resources */ = {isa = PBXBuildFile; fileRef = 91826DCA256ABE7300E5164D /* Inter-BoldItalic.otf */; };
		91826DF1256ABE7300E5164D /* Inter-BoldItalic.otf in Resources */ = {isa = PBXBuildFile; fileRef = 91826DCA256ABE7300E5164D /* Inter-BoldItalic.otf */; };
		91826DF2256ABE7300E5164D /* Inter-LightItalic.otf in Resources */ = {isa = PBXBuildFile; fileRef = 91826DCB256ABE7300E5164D /* Inter-LightItalic.otf */; };
		91826DF3256ABE7300E5164D /* Inter-LightItalic.otf in Resources */ = {isa = PBXBuildFile; fileRef = 91826DCB256ABE7300E5164D /* Inter-LightItalic.otf */; };
		91826DF9256ABEFD00E5164D /* PackupMainView.swift in Sources */ = {isa = PBXBuildFile; fileRef = 91826DF8256ABEFD00E5164D /* PackupMainView.swift */; };
		91826DFA256ABEFD00E5164D /* PackupMainView.swift in Sources */ = {isa = PBXBuildFile; fileRef = 91826DF8256ABEFD00E5164D /* PackupMainView.swift */; };
		91A1F4EF256B4A39001E7F8A /* Deadline.swift in Sources */ = {isa = PBXBuildFile; fileRef = 91A1F4EE256B4A39001E7F8A /* Deadline.swift */; };
		91A1F4F0256B4A39001E7F8A /* Deadline.swift in Sources */ = {isa = PBXBuildFile; fileRef = 91A1F4EE256B4A39001E7F8A /* Deadline.swift */; };
		91A1F4F6256B4B67001E7F8A /* DeadlineListView.swift in Sources */ = {isa = PBXBuildFile; fileRef = 91A1F4F5256B4B67001E7F8A /* DeadlineListView.swift */; };
		91A1F4F7256B4B67001E7F8A /* DeadlineListView.swift in Sources */ = {isa = PBXBuildFile; fileRef = 91A1F4F5256B4B67001E7F8A /* DeadlineListView.swift */; };
		91A1F505256B4CCB001E7F8A /* DeadlineView.swift in Sources */ = {isa = PBXBuildFile; fileRef = 91A1F504256B4CCB001E7F8A /* DeadlineView.swift */; };
		91A1F506256B4CCB001E7F8A /* DeadlineView.swift in Sources */ = {isa = PBXBuildFile; fileRef = 91A1F504256B4CCB001E7F8A /* DeadlineView.swift */; };
		C4B8456ABEA23031CD3042AE /* Pods_Packup__macOS_.framework in Frameworks */ = {isa = PBXBuildFile; fileRef = 142C9453B1A3CD7F4C624EF5 /* Pods_Packup__macOS_.framework */; };
/* End PBXBuildFile section */

/* Begin PBXContainerItemProxy section */
		91826D89256ABDCD00E5164D /* PBXContainerItemProxy */ = {
			isa = PBXContainerItemProxy;
			containerPortal = 91826D69256ABDCC00E5164D /* Project object */;
			proxyType = 1;
			remoteGlobalIDString = 91826D77256ABDCD00E5164D;
			remoteInfo = "Packup (iOS)";
		};
		91826D94256ABDCD00E5164D /* PBXContainerItemProxy */ = {
			isa = PBXContainerItemProxy;
			containerPortal = 91826D69256ABDCC00E5164D /* Project object */;
			proxyType = 1;
			remoteGlobalIDString = 91826D7F256ABDCD00E5164D;
			remoteInfo = "Packup (macOS)";
		};
/* End PBXContainerItemProxy section */

/* Begin PBXFileReference section */
		142C9453B1A3CD7F4C624EF5 /* Pods_Packup__macOS_.framework */ = {isa = PBXFileReference; explicitFileType = wrapper.framework; includeInIndex = 0; path = Pods_Packup__macOS_.framework; sourceTree = BUILT_PRODUCTS_DIR; };
		33FDA5F1A2C389B287F2627B /* Pods-Packup (iOS).release.xcconfig */ = {isa = PBXFileReference; includeInIndex = 1; lastKnownFileType = text.xcconfig; name = "Pods-Packup (iOS).release.xcconfig"; path = "Target Support Files/Pods-Packup (iOS)/Pods-Packup (iOS).release.xcconfig"; sourceTree = "<group>"; };
		590D2E1063EC8416F645AC41 /* Pods-Packup (macOS).release.xcconfig */ = {isa = PBXFileReference; includeInIndex = 1; lastKnownFileType = text.xcconfig; name = "Pods-Packup (macOS).release.xcconfig"; path = "Target Support Files/Pods-Packup (macOS)/Pods-Packup (macOS).release.xcconfig"; sourceTree = "<group>"; };
		618D3A9FAA7BEAB6A24EF62B /* Pods_Packup__iOS_.framework */ = {isa = PBXFileReference; explicitFileType = wrapper.framework; includeInIndex = 0; path = Pods_Packup__iOS_.framework; sourceTree = BUILT_PRODUCTS_DIR; };
		6D6AECEED3B2DBADE22905EE /* Pods-Packup (iOS).debug.xcconfig */ = {isa = PBXFileReference; includeInIndex = 1; lastKnownFileType = text.xcconfig; name = "Pods-Packup (iOS).debug.xcconfig"; path = "Target Support Files/Pods-Packup (iOS)/Pods-Packup (iOS).debug.xcconfig"; sourceTree = "<group>"; };
		91266EE62584E5B8009E9E37 /* UIPlayground.swift */ = {isa = PBXFileReference; lastKnownFileType = sourcecode.swift; path = UIPlayground.swift; sourceTree = "<group>"; };
		912FEEF3257DC4D200930888 /* DeadlineFetcher.swift */ = {isa = PBXFileReference; lastKnownFileType = sourcecode.swift; path = DeadlineFetcher.swift; sourceTree = "<group>"; };
		912FEF0825830C5300930888 /* LoginView.swift */ = {isa = PBXFileReference; lastKnownFileType = sourcecode.swift; path = LoginView.swift; sourceTree = "<group>"; };
		912FEF0F25830C9A00930888 /* Packup.swift */ = {isa = PBXFileReference; lastKnownFileType = sourcecode.swift; path = Packup.swift; sourceTree = "<group>"; };
		91321DFC2585D773000CB3EA /* DeadlineDetailView.swift */ = {isa = PBXFileReference; lastKnownFileType = sourcecode.swift; path = DeadlineDetailView.swift; sourceTree = "<group>"; };
		915975C7257DC18200D13BB1 /* DeadlineJSONList.swift */ = {isa = PBXFileReference; lastKnownFileType = sourcecode.swift; path = DeadlineJSONList.swift; sourceTree = "<group>"; };
		91804E6525845EC200B431A3 /* SwitchView.swift */ = {isa = PBXFileReference; lastKnownFileType = sourcecode.swift; path = SwitchView.swift; sourceTree = "<group>"; };
		91826D6F256ABDCC00E5164D /* Shared.xcdatamodel */ = {isa = PBXFileReference; lastKnownFileType = wrapper.xcdatamodel; path = Shared.xcdatamodel; sourceTree = "<group>"; };
		91826D70256ABDCC00E5164D /* PackupApp.swift */ = {isa = PBXFileReference; lastKnownFileType = sourcecode.swift; path = PackupApp.swift; sourceTree = "<group>"; };
		91826D71256ABDCC00E5164D /* ContentView.swift */ = {isa = PBXFileReference; lastKnownFileType = sourcecode.swift; path = ContentView.swift; sourceTree = "<group>"; };
		91826D72256ABDCC00E5164D /* Persistence.swift */ = {isa = PBXFileReference; lastKnownFileType = sourcecode.swift; path = Persistence.swift; sourceTree = "<group>"; };
		91826D73256ABDCD00E5164D /* Assets.xcassets */ = {isa = PBXFileReference; lastKnownFileType = folder.assetcatalog; path = Assets.xcassets; sourceTree = "<group>"; };
		91826D78256ABDCD00E5164D /* Packup.app */ = {isa = PBXFileReference; explicitFileType = wrapper.application; includeInIndex = 0; path = Packup.app; sourceTree = BUILT_PRODUCTS_DIR; };
		91826D7B256ABDCD00E5164D /* Info.plist */ = {isa = PBXFileReference; lastKnownFileType = text.plist.xml; path = Info.plist; sourceTree = "<group>"; };
		91826D80256ABDCD00E5164D /* Packup.app */ = {isa = PBXFileReference; explicitFileType = wrapper.application; includeInIndex = 0; path = Packup.app; sourceTree = BUILT_PRODUCTS_DIR; };
		91826D82256ABDCD00E5164D /* Info.plist */ = {isa = PBXFileReference; lastKnownFileType = text.plist.xml; path = Info.plist; sourceTree = "<group>"; };
		91826D83256ABDCD00E5164D /* macOS.entitlements */ = {isa = PBXFileReference; lastKnownFileType = text.plist.entitlements; path = macOS.entitlements; sourceTree = "<group>"; };
		91826D88256ABDCD00E5164D /* Tests iOS.xctest */ = {isa = PBXFileReference; explicitFileType = wrapper.cfbundle; includeInIndex = 0; path = "Tests iOS.xctest"; sourceTree = BUILT_PRODUCTS_DIR; };
		91826D8C256ABDCD00E5164D /* Tests_iOS.swift */ = {isa = PBXFileReference; lastKnownFileType = sourcecode.swift; path = Tests_iOS.swift; sourceTree = "<group>"; };
		91826D8E256ABDCD00E5164D /* Info.plist */ = {isa = PBXFileReference; lastKnownFileType = text.plist.xml; path = Info.plist; sourceTree = "<group>"; };
		91826D93256ABDCD00E5164D /* Tests macOS.xctest */ = {isa = PBXFileReference; explicitFileType = wrapper.cfbundle; includeInIndex = 0; path = "Tests macOS.xctest"; sourceTree = BUILT_PRODUCTS_DIR; };
		91826D97256ABDCD00E5164D /* Tests_macOS.swift */ = {isa = PBXFileReference; lastKnownFileType = sourcecode.swift; path = Tests_macOS.swift; sourceTree = "<group>"; };
		91826D99256ABDCD00E5164D /* Info.plist */ = {isa = PBXFileReference; lastKnownFileType = text.plist.xml; path = Info.plist; sourceTree = "<group>"; };
		91826DB8256ABE7300E5164D /* Inter-Bold.otf */ = {isa = PBXFileReference; lastKnownFileType = file; path = "Inter-Bold.otf"; sourceTree = "<group>"; };
		91826DB9256ABE7300E5164D /* Inter-Regular.otf */ = {isa = PBXFileReference; lastKnownFileType = file; path = "Inter-Regular.otf"; sourceTree = "<group>"; };
		91826DBA256ABE7300E5164D /* Inter-V.otf */ = {isa = PBXFileReference; lastKnownFileType = file; path = "Inter-V.otf"; sourceTree = "<group>"; };
		91826DBB256ABE7300E5164D /* Inter-SemiBoldItalic.otf */ = {isa = PBXFileReference; lastKnownFileType = file; path = "Inter-SemiBoldItalic.otf"; sourceTree = "<group>"; };
		91826DBC256ABE7300E5164D /* Inter-Thin.otf */ = {isa = PBXFileReference; lastKnownFileType = file; path = "Inter-Thin.otf"; sourceTree = "<group>"; };
		91826DBD256ABE7300E5164D /* Inter-Light.otf */ = {isa = PBXFileReference; lastKnownFileType = file; path = "Inter-Light.otf"; sourceTree = "<group>"; };
		91826DBE256ABE7300E5164D /* Inter-ExtraLightItalic.otf */ = {isa = PBXFileReference; lastKnownFileType = file; path = "Inter-ExtraLightItalic.otf"; sourceTree = "<group>"; };
		91826DBF256ABE7300E5164D /* Inter-Medium.otf */ = {isa = PBXFileReference; lastKnownFileType = file; path = "Inter-Medium.otf"; sourceTree = "<group>"; };
		91826DC0256ABE7300E5164D /* .uuid */ = {isa = PBXFileReference; fileEncoding = 4; lastKnownFileType = text; path = .uuid; sourceTree = "<group>"; };
		91826DC1256ABE7300E5164D /* Inter-SemiBold.otf */ = {isa = PBXFileReference; lastKnownFileType = file; path = "Inter-SemiBold.otf"; sourceTree = "<group>"; };
		91826DC2256ABE7300E5164D /* Inter-BlackItalic.otf */ = {isa = PBXFileReference; lastKnownFileType = file; path = "Inter-BlackItalic.otf"; sourceTree = "<group>"; };
		91826DC3256ABE7300E5164D /* Inter-MediumItalic.otf */ = {isa = PBXFileReference; lastKnownFileType = file; path = "Inter-MediumItalic.otf"; sourceTree = "<group>"; };
		91826DC4256ABE7300E5164D /* Inter-Black.otf */ = {isa = PBXFileReference; lastKnownFileType = file; path = "Inter-Black.otf"; sourceTree = "<group>"; };
		91826DC5256ABE7300E5164D /* Inter-Italic.otf */ = {isa = PBXFileReference; lastKnownFileType = file; path = "Inter-Italic.otf"; sourceTree = "<group>"; };
		91826DC6256ABE7300E5164D /* Inter-ExtraBold.otf */ = {isa = PBXFileReference; lastKnownFileType = file; path = "Inter-ExtraBold.otf"; sourceTree = "<group>"; };
		91826DC7256ABE7300E5164D /* Inter-ThinItalic.otf */ = {isa = PBXFileReference; lastKnownFileType = file; path = "Inter-ThinItalic.otf"; sourceTree = "<group>"; };
		91826DC8256ABE7300E5164D /* Inter-ExtraLight.otf */ = {isa = PBXFileReference; lastKnownFileType = file; path = "Inter-ExtraLight.otf"; sourceTree = "<group>"; };
		91826DC9256ABE7300E5164D /* Inter-ExtraBoldItalic.otf */ = {isa = PBXFileReference; lastKnownFileType = file; path = "Inter-ExtraBoldItalic.otf"; sourceTree = "<group>"; };
		91826DCA256ABE7300E5164D /* Inter-BoldItalic.otf */ = {isa = PBXFileReference; lastKnownFileType = file; path = "Inter-BoldItalic.otf"; sourceTree = "<group>"; };
		91826DCB256ABE7300E5164D /* Inter-LightItalic.otf */ = {isa = PBXFileReference; lastKnownFileType = file; path = "Inter-LightItalic.otf"; sourceTree = "<group>"; };
		91826DF8256ABEFD00E5164D /* PackupMainView.swift */ = {isa = PBXFileReference; lastKnownFileType = sourcecode.swift; path = PackupMainView.swift; sourceTree = "<group>"; };
		91A1F4EE256B4A39001E7F8A /* Deadline.swift */ = {isa = PBXFileReference; lastKnownFileType = sourcecode.swift; path = Deadline.swift; sourceTree = "<group>"; };
		91A1F4F5256B4B67001E7F8A /* DeadlineListView.swift */ = {isa = PBXFileReference; lastKnownFileType = sourcecode.swift; path = DeadlineListView.swift; sourceTree = "<group>"; };
		91A1F504256B4CCB001E7F8A /* DeadlineView.swift */ = {isa = PBXFileReference; lastKnownFileType = sourcecode.swift; path = DeadlineView.swift; sourceTree = "<group>"; };
		A62B5A42ED4C114A1E2F7954 /* Pods-Packup (macOS).debug.xcconfig */ = {isa = PBXFileReference; includeInIndex = 1; lastKnownFileType = text.xcconfig; name = "Pods-Packup (macOS).debug.xcconfig"; path = "Target Support Files/Pods-Packup (macOS)/Pods-Packup (macOS).debug.xcconfig"; sourceTree = "<group>"; };
/* End PBXFileReference section */

/* Begin PBXFrameworksBuildPhase section */
		91826D75256ABDCD00E5164D /* Frameworks */ = {
			isa = PBXFrameworksBuildPhase;
			buildActionMask = 2147483647;
			files = (
				7C49200C7F541E2F99783F54 /* Pods_Packup__iOS_.framework in Frameworks */,
			);
			runOnlyForDeploymentPostprocessing = 0;
		};
		91826D7D256ABDCD00E5164D /* Frameworks */ = {
			isa = PBXFrameworksBuildPhase;
			buildActionMask = 2147483647;
			files = (
				C4B8456ABEA23031CD3042AE /* Pods_Packup__macOS_.framework in Frameworks */,
			);
			runOnlyForDeploymentPostprocessing = 0;
		};
		91826D85256ABDCD00E5164D /* Frameworks */ = {
			isa = PBXFrameworksBuildPhase;
			buildActionMask = 2147483647;
			files = (
			);
			runOnlyForDeploymentPostprocessing = 0;
		};
		91826D90256ABDCD00E5164D /* Frameworks */ = {
			isa = PBXFrameworksBuildPhase;
			buildActionMask = 2147483647;
			files = (
			);
			runOnlyForDeploymentPostprocessing = 0;
		};
/* End PBXFrameworksBuildPhase section */

/* Begin PBXGroup section */
		0064FE547FB14589FC782188 /* Pods */ = {
			isa = PBXGroup;
			children = (
				6D6AECEED3B2DBADE22905EE /* Pods-Packup (iOS).debug.xcconfig */,
				33FDA5F1A2C389B287F2627B /* Pods-Packup (iOS).release.xcconfig */,
				A62B5A42ED4C114A1E2F7954 /* Pods-Packup (macOS).debug.xcconfig */,
				590D2E1063EC8416F645AC41 /* Pods-Packup (macOS).release.xcconfig */,
			);
			path = Pods;
			sourceTree = "<group>";
		};
		2FC78135CDC8F798BD8540BD /* Frameworks */ = {
			isa = PBXGroup;
			children = (
				618D3A9FAA7BEAB6A24EF62B /* Pods_Packup__iOS_.framework */,
				142C9453B1A3CD7F4C624EF5 /* Pods_Packup__macOS_.framework */,
			);
			name = Frameworks;
			sourceTree = "<group>";
		};
		91826D68256ABDCC00E5164D = {
			isa = PBXGroup;
			children = (
				91826D6D256ABDCC00E5164D /* Shared */,
				91826D7A256ABDCD00E5164D /* iOS */,
				91826D81256ABDCD00E5164D /* macOS */,
				91826D8B256ABDCD00E5164D /* Tests iOS */,
				91826D96256ABDCD00E5164D /* Tests macOS */,
				91826D79256ABDCD00E5164D /* Products */,
				0064FE547FB14589FC782188 /* Pods */,
				2FC78135CDC8F798BD8540BD /* Frameworks */,
			);
			sourceTree = "<group>";
		};
		91826D6D256ABDCC00E5164D /* Shared */ = {
			isa = PBXGroup;
			children = (
				91826DB6256ABE7300E5164D /* Fonts */,
				91826D70256ABDCC00E5164D /* PackupApp.swift */,
				91804E6525845EC200B431A3 /* SwitchView.swift */,
				912FEF0825830C5300930888 /* LoginView.swift */,
				91826DF8256ABEFD00E5164D /* PackupMainView.swift */,
				91A1F4F5256B4B67001E7F8A /* DeadlineListView.swift */,
				91A1F504256B4CCB001E7F8A /* DeadlineView.swift */,
				91321DFC2585D773000CB3EA /* DeadlineDetailView.swift */,
				912FEF0F25830C9A00930888 /* Packup.swift */,
				91826D71256ABDCC00E5164D /* ContentView.swift */,
				91826D72256ABDCC00E5164D /* Persistence.swift */,
				91826D73256ABDCD00E5164D /* Assets.xcassets */,
				91266EE62584E5B8009E9E37 /* UIPlayground.swift */,
				91826D6E256ABDCC00E5164D /* Packup.xcdatamodeld */,
				91A1F4EE256B4A39001E7F8A /* Deadline.swift */,
				915975C7257DC18200D13BB1 /* DeadlineJSONList.swift */,
				912FEEF3257DC4D200930888 /* DeadlineFetcher.swift */,
			);
			path = Shared;
			sourceTree = "<group>";
		};
		91826D79256ABDCD00E5164D /* Products */ = {
			isa = PBXGroup;
			children = (
				91826D78256ABDCD00E5164D /* Packup.app */,
				91826D80256ABDCD00E5164D /* Packup.app */,
				91826D88256ABDCD00E5164D /* Tests iOS.xctest */,
				91826D93256ABDCD00E5164D /* Tests macOS.xctest */,
			);
			name = Products;
			sourceTree = "<group>";
		};
		91826D7A256ABDCD00E5164D /* iOS */ = {
			isa = PBXGroup;
			children = (
				91826D7B256ABDCD00E5164D /* Info.plist */,
			);
			path = iOS;
			sourceTree = "<group>";
		};
		91826D81256ABDCD00E5164D /* macOS */ = {
			isa = PBXGroup;
			children = (
				91826D82256ABDCD00E5164D /* Info.plist */,
				91826D83256ABDCD00E5164D /* macOS.entitlements */,
			);
			path = macOS;
			sourceTree = "<group>";
		};
		91826D8B256ABDCD00E5164D /* Tests iOS */ = {
			isa = PBXGroup;
			children = (
				91826D8C256ABDCD00E5164D /* Tests_iOS.swift */,
				91826D8E256ABDCD00E5164D /* Info.plist */,
			);
			path = "Tests iOS";
			sourceTree = "<group>";
		};
		91826D96256ABDCD00E5164D /* Tests macOS */ = {
			isa = PBXGroup;
			children = (
				91826D97256ABDCD00E5164D /* Tests_macOS.swift */,
				91826D99256ABDCD00E5164D /* Info.plist */,
			);
			path = "Tests macOS";
			sourceTree = "<group>";
		};
		91826DB6256ABE7300E5164D /* Fonts */ = {
			isa = PBXGroup;
			children = (
				91826DB7256ABE7300E5164D /* Inter */,
			);
			path = Fonts;
			sourceTree = "<group>";
		};
		91826DB7256ABE7300E5164D /* Inter */ = {
			isa = PBXGroup;
			children = (
				91826DB8256ABE7300E5164D /* Inter-Bold.otf */,
				91826DB9256ABE7300E5164D /* Inter-Regular.otf */,
				91826DBA256ABE7300E5164D /* Inter-V.otf */,
				91826DBB256ABE7300E5164D /* Inter-SemiBoldItalic.otf */,
				91826DBC256ABE7300E5164D /* Inter-Thin.otf */,
				91826DBD256ABE7300E5164D /* Inter-Light.otf */,
				91826DBE256ABE7300E5164D /* Inter-ExtraLightItalic.otf */,
				91826DBF256ABE7300E5164D /* Inter-Medium.otf */,
				91826DC0256ABE7300E5164D /* .uuid */,
				91826DC1256ABE7300E5164D /* Inter-SemiBold.otf */,
				91826DC2256ABE7300E5164D /* Inter-BlackItalic.otf */,
				91826DC3256ABE7300E5164D /* Inter-MediumItalic.otf */,
				91826DC4256ABE7300E5164D /* Inter-Black.otf */,
				91826DC5256ABE7300E5164D /* Inter-Italic.otf */,
				91826DC6256ABE7300E5164D /* Inter-ExtraBold.otf */,
				91826DC7256ABE7300E5164D /* Inter-ThinItalic.otf */,
				91826DC8256ABE7300E5164D /* Inter-ExtraLight.otf */,
				91826DC9256ABE7300E5164D /* Inter-ExtraBoldItalic.otf */,
				91826DCA256ABE7300E5164D /* Inter-BoldItalic.otf */,
				91826DCB256ABE7300E5164D /* Inter-LightItalic.otf */,
			);
			path = Inter;
			sourceTree = "<group>";
		};
/* End PBXGroup section */

/* Begin PBXNativeTarget section */
		91826D77256ABDCD00E5164D /* Packup (iOS) */ = {
			isa = PBXNativeTarget;
			buildConfigurationList = 91826DA6256ABDCE00E5164D /* Build configuration list for PBXNativeTarget "Packup (iOS)" */;
			buildPhases = (
				4DB2F4EFE1E377E384AEE63E /* [CP] Check Pods Manifest.lock */,
				91826D74256ABDCD00E5164D /* Sources */,
				91826D75256ABDCD00E5164D /* Frameworks */,
				91826D76256ABDCD00E5164D /* Resources */,
				33DCE332907F5A7ACF8AC1FA /* [CP] Embed Pods Frameworks */,
				911A7809258853EF001F70CC /* ShellScript */,
			);
			buildRules = (
			);
			dependencies = (
			);
			name = "Packup (iOS)";
			productName = "Packup (iOS)";
			productReference = 91826D78256ABDCD00E5164D /* Packup.app */;
			productType = "com.apple.product-type.application";
		};
		91826D7F256ABDCD00E5164D /* Packup (macOS) */ = {
			isa = PBXNativeTarget;
			buildConfigurationList = 91826DA9256ABDCE00E5164D /* Build configuration list for PBXNativeTarget "Packup (macOS)" */;
			buildPhases = (
				7F2776714ED95AED96A7DE37 /* [CP] Check Pods Manifest.lock */,
				91826D7C256ABDCD00E5164D /* Sources */,
				91826D7D256ABDCD00E5164D /* Frameworks */,
				91826D7E256ABDCD00E5164D /* Resources */,
			);
			buildRules = (
			);
			dependencies = (
			);
			name = "Packup (macOS)";
			productName = "Packup (macOS)";
			productReference = 91826D80256ABDCD00E5164D /* Packup.app */;
			productType = "com.apple.product-type.application";
		};
		91826D87256ABDCD00E5164D /* Tests iOS */ = {
			isa = PBXNativeTarget;
			buildConfigurationList = 91826DAC256ABDCE00E5164D /* Build configuration list for PBXNativeTarget "Tests iOS" */;
			buildPhases = (
				91826D84256ABDCD00E5164D /* Sources */,
				91826D85256ABDCD00E5164D /* Frameworks */,
				91826D86256ABDCD00E5164D /* Resources */,
			);
			buildRules = (
			);
			dependencies = (
				91826D8A256ABDCD00E5164D /* PBXTargetDependency */,
			);
			name = "Tests iOS";
			productName = "Tests iOS";
			productReference = 91826D88256ABDCD00E5164D /* Tests iOS.xctest */;
			productType = "com.apple.product-type.bundle.ui-testing";
		};
		91826D92256ABDCD00E5164D /* Tests macOS */ = {
			isa = PBXNativeTarget;
			buildConfigurationList = 91826DAF256ABDCE00E5164D /* Build configuration list for PBXNativeTarget "Tests macOS" */;
			buildPhases = (
				91826D8F256ABDCD00E5164D /* Sources */,
				91826D90256ABDCD00E5164D /* Frameworks */,
				91826D91256ABDCD00E5164D /* Resources */,
			);
			buildRules = (
			);
			dependencies = (
				91826D95256ABDCD00E5164D /* PBXTargetDependency */,
			);
			name = "Tests macOS";
			productName = "Tests macOS";
			productReference = 91826D93256ABDCD00E5164D /* Tests macOS.xctest */;
			productType = "com.apple.product-type.bundle.ui-testing";
		};
/* End PBXNativeTarget section */

/* Begin PBXProject section */
		91826D69256ABDCC00E5164D /* Project object */ = {
			isa = PBXProject;
			attributes = {
				LastSwiftUpdateCheck = 1220;
				LastUpgradeCheck = 1230;
				TargetAttributes = {
					91826D77256ABDCD00E5164D = {
						CreatedOnToolsVersion = 12.2;
					};
					91826D7F256ABDCD00E5164D = {
						CreatedOnToolsVersion = 12.2;
					};
					91826D87256ABDCD00E5164D = {
						CreatedOnToolsVersion = 12.2;
						TestTargetID = 91826D77256ABDCD00E5164D;
					};
					91826D92256ABDCD00E5164D = {
						CreatedOnToolsVersion = 12.2;
						TestTargetID = 91826D7F256ABDCD00E5164D;
					};
				};
			};
			buildConfigurationList = 91826D6C256ABDCC00E5164D /* Build configuration list for PBXProject "Packup" */;
			compatibilityVersion = "Xcode 9.3";
			developmentRegion = en;
			hasScannedForEncodings = 0;
			knownRegions = (
				en,
				Base,
			);
			mainGroup = 91826D68256ABDCC00E5164D;
			productRefGroup = 91826D79256ABDCD00E5164D /* Products */;
			projectDirPath = "";
			projectRoot = "";
			targets = (
				91826D77256ABDCD00E5164D /* Packup (iOS) */,
				91826D7F256ABDCD00E5164D /* Packup (macOS) */,
				91826D87256ABDCD00E5164D /* Tests iOS */,
				91826D92256ABDCD00E5164D /* Tests macOS */,
			);
		};
/* End PBXProject section */

/* Begin PBXResourcesBuildPhase section */
		91826D76256ABDCD00E5164D /* Resources */ = {
			isa = PBXResourcesBuildPhase;
			buildActionMask = 2147483647;
			files = (
				91826DE6256ABE7300E5164D /* Inter-Italic.otf in Resources */,
				91826DDC256ABE7300E5164D /* .uuid in Resources */,
				91826DA2256ABDCE00E5164D /* Assets.xcassets in Resources */,
				91826DE0256ABE7300E5164D /* Inter-BlackItalic.otf in Resources */,
				91826DDE256ABE7300E5164D /* Inter-SemiBold.otf in Resources */,
				91826DD6256ABE7300E5164D /* Inter-Light.otf in Resources */,
				91826DF2256ABE7300E5164D /* Inter-LightItalic.otf in Resources */,
				91826DD8256ABE7300E5164D /* Inter-ExtraLightItalic.otf in Resources */,
				91826DD4256ABE7300E5164D /* Inter-Thin.otf in Resources */,
				91826DCE256ABE7300E5164D /* Inter-Regular.otf in Resources */,
				91826DF0256ABE7300E5164D /* Inter-BoldItalic.otf in Resources */,
				91826DE4256ABE7300E5164D /* Inter-Black.otf in Resources */,
				91826DEA256ABE7300E5164D /* Inter-ThinItalic.otf in Resources */,
				91826DCC256ABE7300E5164D /* Inter-Bold.otf in Resources */,
				91826DEC256ABE7300E5164D /* Inter-ExtraLight.otf in Resources */,
				91826DD0256ABE7300E5164D /* Inter-V.otf in Resources */,
				91826DEE256ABE7300E5164D /* Inter-ExtraBoldItalic.otf in Resources */,
				91826DE2256ABE7300E5164D /* Inter-MediumItalic.otf in Resources */,
				91826DDA256ABE7300E5164D /* Inter-Medium.otf in Resources */,
				91826DE8256ABE7300E5164D /* Inter-ExtraBold.otf in Resources */,
				91826DD2256ABE7300E5164D /* Inter-SemiBoldItalic.otf in Resources */,
			);
			runOnlyForDeploymentPostprocessing = 0;
		};
		91826D7E256ABDCD00E5164D /* Resources */ = {
			isa = PBXResourcesBuildPhase;
			buildActionMask = 2147483647;
			files = (
				91826DE7256ABE7300E5164D /* Inter-Italic.otf in Resources */,
				91826DDD256ABE7300E5164D /* .uuid in Resources */,
				91826DA3256ABDCE00E5164D /* Assets.xcassets in Resources */,
				91826DE1256ABE7300E5164D /* Inter-BlackItalic.otf in Resources */,
				91826DDF256ABE7300E5164D /* Inter-SemiBold.otf in Resources */,
				91826DD7256ABE7300E5164D /* Inter-Light.otf in Resources */,
				91826DF3256ABE7300E5164D /* Inter-LightItalic.otf in Resources */,
				91826DD9256ABE7300E5164D /* Inter-ExtraLightItalic.otf in Resources */,
				91826DD5256ABE7300E5164D /* Inter-Thin.otf in Resources */,
				91826DCF256ABE7300E5164D /* Inter-Regular.otf in Resources */,
				91826DF1256ABE7300E5164D /* Inter-BoldItalic.otf in Resources */,
				91826DE5256ABE7300E5164D /* Inter-Black.otf in Resources */,
				91826DEB256ABE7300E5164D /* Inter-ThinItalic.otf in Resources */,
				91826DCD256ABE7300E5164D /* Inter-Bold.otf in Resources */,
				91826DED256ABE7300E5164D /* Inter-ExtraLight.otf in Resources */,
				91826DD1256ABE7300E5164D /* Inter-V.otf in Resources */,
				91826DEF256ABE7300E5164D /* Inter-ExtraBoldItalic.otf in Resources */,
				91826DE3256ABE7300E5164D /* Inter-MediumItalic.otf in Resources */,
				91826DDB256ABE7300E5164D /* Inter-Medium.otf in Resources */,
				91826DE9256ABE7300E5164D /* Inter-ExtraBold.otf in Resources */,
				91826DD3256ABE7300E5164D /* Inter-SemiBoldItalic.otf in Resources */,
			);
			runOnlyForDeploymentPostprocessing = 0;
		};
		91826D86256ABDCD00E5164D /* Resources */ = {
			isa = PBXResourcesBuildPhase;
			buildActionMask = 2147483647;
			files = (
			);
			runOnlyForDeploymentPostprocessing = 0;
		};
		91826D91256ABDCD00E5164D /* Resources */ = {
			isa = PBXResourcesBuildPhase;
			buildActionMask = 2147483647;
			files = (
			);
			runOnlyForDeploymentPostprocessing = 0;
		};
/* End PBXResourcesBuildPhase section */

/* Begin PBXShellScriptBuildPhase section */
		33DCE332907F5A7ACF8AC1FA /* [CP] Embed Pods Frameworks */ = {
			isa = PBXShellScriptBuildPhase;
			buildActionMask = 2147483647;
			files = (
			);
			inputFileListPaths = (
				"${PODS_ROOT}/Target Support Files/Pods-Packup (iOS)/Pods-Packup (iOS)-frameworks-${CONFIGURATION}-input-files.xcfilelist",
			);
			name = "[CP] Embed Pods Frameworks";
			outputFileListPaths = (
				"${PODS_ROOT}/Target Support Files/Pods-Packup (iOS)/Pods-Packup (iOS)-frameworks-${CONFIGURATION}-output-files.xcfilelist",
			);
			runOnlyForDeploymentPostprocessing = 0;
			shellPath = /bin/sh;
			shellScript = "\"${PODS_ROOT}/Target Support Files/Pods-Packup (iOS)/Pods-Packup (iOS)-frameworks.sh\"\n";
			showEnvVarsInLog = 0;
		};
		4DB2F4EFE1E377E384AEE63E /* [CP] Check Pods Manifest.lock */ = {
			isa = PBXShellScriptBuildPhase;
			buildActionMask = 2147483647;
			files = (
			);
			inputFileListPaths = (
			);
			inputPaths = (
				"${PODS_PODFILE_DIR_PATH}/Podfile.lock",
				"${PODS_ROOT}/Manifest.lock",
			);
			name = "[CP] Check Pods Manifest.lock";
			outputFileListPaths = (
			);
			outputPaths = (
				"$(DERIVED_FILE_DIR)/Pods-Packup (iOS)-checkManifestLockResult.txt",
			);
			runOnlyForDeploymentPostprocessing = 0;
			shellPath = /bin/sh;
			shellScript = "diff \"${PODS_PODFILE_DIR_PATH}/Podfile.lock\" \"${PODS_ROOT}/Manifest.lock\" > /dev/null\nif [ $? != 0 ] ; then\n    # print error to STDERR\n    echo \"error: The sandbox is not in sync with the Podfile.lock. Run 'pod install' or update your CocoaPods installation.\" >&2\n    exit 1\nfi\n# This output is used by Xcode 'outputs' to avoid re-running this script phase.\necho \"SUCCESS\" > \"${SCRIPT_OUTPUT_FILE_0}\"\n";
			showEnvVarsInLog = 0;
		};
		7F2776714ED95AED96A7DE37 /* [CP] Check Pods Manifest.lock */ = {
			isa = PBXShellScriptBuildPhase;
			buildActionMask = 2147483647;
			files = (
			);
			inputFileListPaths = (
			);
			inputPaths = (
				"${PODS_PODFILE_DIR_PATH}/Podfile.lock",
				"${PODS_ROOT}/Manifest.lock",
			);
			name = "[CP] Check Pods Manifest.lock";
			outputFileListPaths = (
			);
			outputPaths = (
				"$(DERIVED_FILE_DIR)/Pods-Packup (macOS)-checkManifestLockResult.txt",
			);
			runOnlyForDeploymentPostprocessing = 0;
			shellPath = /bin/sh;
			shellScript = "diff \"${PODS_PODFILE_DIR_PATH}/Podfile.lock\" \"${PODS_ROOT}/Manifest.lock\" > /dev/null\nif [ $? != 0 ] ; then\n    # print error to STDERR\n    echo \"error: The sandbox is not in sync with the Podfile.lock. Run 'pod install' or update your CocoaPods installation.\" >&2\n    exit 1\nfi\n# This output is used by Xcode 'outputs' to avoid re-running this script phase.\necho \"SUCCESS\" > \"${SCRIPT_OUTPUT_FILE_0}\"\n";
			showEnvVarsInLog = 0;
		};
		911A7809258853EF001F70CC /* ShellScript */ = {
			isa = PBXShellScriptBuildPhase;
			buildActionMask = 2147483647;
			files = (
			);
			inputFileListPaths = (
			);
			inputPaths = (
			);
			outputFileListPaths = (
			);
			outputPaths = (
			);
			runOnlyForDeploymentPostprocessing = 0;
			shellPath = /bin/sh;
			shellScript = "# Type a script or drag a script file from your workspace to insert its path.\nICON_SOURCE_PATH=\"./Pods/FluentIcons\"\n\n$ICON_SOURCE_PATH/ios/remove-unused-fluent-icons/run \\\n    --path-to-source-code \".\" \\\n    --path-to-fluent-icon-source $ICON_SOURCE_PATH\n";
		};
/* End PBXShellScriptBuildPhase section */

/* Begin PBXSourcesBuildPhase section */
		91826D74256ABDCD00E5164D /* Sources */ = {
			isa = PBXSourcesBuildPhase;
			buildActionMask = 2147483647;
			files = (
				91826DF9256ABEFD00E5164D /* PackupMainView.swift in Sources */,
				91A1F4EF256B4A39001E7F8A /* Deadline.swift in Sources */,
				91826D9A256ABDCD00E5164D /* Packup.xcdatamodeld in Sources */,
				915975C8257DC18200D13BB1 /* DeadlineJSONList.swift in Sources */,
				91826DA0256ABDCE00E5164D /* Persistence.swift in Sources */,
				91804E6625845EC200B431A3 /* SwitchView.swift in Sources */,
				91266EE72584E5B8009E9E37 /* UIPlayground.swift in Sources */,
				912FEEF4257DC4D200930888 /* DeadlineFetcher.swift in Sources */,
				91826D9C256ABDCD00E5164D /* PackupApp.swift in Sources */,
				912FEF1025830C9A00930888 /* Packup.swift in Sources */,
				91A1F4F6256B4B67001E7F8A /* DeadlineListView.swift in Sources */,
				912FEF0925830C5400930888 /* LoginView.swift in Sources */,
				91A1F505256B4CCB001E7F8A /* DeadlineView.swift in Sources */,
				91826D9E256ABDCD00E5164D /* ContentView.swift in Sources */,
				91321DFD2585D773000CB3EA /* DeadlineDetailView.swift in Sources */,
			);
			runOnlyForDeploymentPostprocessing = 0;
		};
		91826D7C256ABDCD00E5164D /* Sources */ = {
			isa = PBXSourcesBuildPhase;
			buildActionMask = 2147483647;
			files = (
				91826DFA256ABEFD00E5164D /* PackupMainView.swift in Sources */,
				91A1F4F0256B4A39001E7F8A /* Deadline.swift in Sources */,
				91826D9B256ABDCD00E5164D /* Packup.xcdatamodeld in Sources */,
				915975C9257DC18200D13BB1 /* DeadlineJSONList.swift in Sources */,
				91826DA1256ABDCE00E5164D /* Persistence.swift in Sources */,
				91804E6725845EC200B431A3 /* SwitchView.swift in Sources */,
				91266EE82584E5B8009E9E37 /* UIPlayground.swift in Sources */,
				912FEEF5257DC4D200930888 /* DeadlineFetcher.swift in Sources */,
				91826D9D256ABDCD00E5164D /* PackupApp.swift in Sources */,
				912FEF1125830C9A00930888 /* Packup.swift in Sources */,
				91A1F4F7256B4B67001E7F8A /* DeadlineListView.swift in Sources */,
				912FEF0A25830C5400930888 /* LoginView.swift in Sources */,
				91A1F506256B4CCB001E7F8A /* DeadlineView.swift in Sources */,
				91826D9F256ABDCE00E5164D /* ContentView.swift in Sources */,
				91321DFE2585D773000CB3EA /* DeadlineDetailView.swift in Sources */,
			);
			runOnlyForDeploymentPostprocessing = 0;
		};
		91826D84256ABDCD00E5164D /* Sources */ = {
			isa = PBXSourcesBuildPhase;
			buildActionMask = 2147483647;
			files = (
				91826D8D256ABDCD00E5164D /* Tests_iOS.swift in Sources */,
			);
			runOnlyForDeploymentPostprocessing = 0;
		};
		91826D8F256ABDCD00E5164D /* Sources */ = {
			isa = PBXSourcesBuildPhase;
			buildActionMask = 2147483647;
			files = (
				91826D98256ABDCD00E5164D /* Tests_macOS.swift in Sources */,
			);
			runOnlyForDeploymentPostprocessing = 0;
		};
/* End PBXSourcesBuildPhase section */

/* Begin PBXTargetDependency section */
		91826D8A256ABDCD00E5164D /* PBXTargetDependency */ = {
			isa = PBXTargetDependency;
			target = 91826D77256ABDCD00E5164D /* Packup (iOS) */;
			targetProxy = 91826D89256ABDCD00E5164D /* PBXContainerItemProxy */;
		};
		91826D95256ABDCD00E5164D /* PBXTargetDependency */ = {
			isa = PBXTargetDependency;
			target = 91826D7F256ABDCD00E5164D /* Packup (macOS) */;
			targetProxy = 91826D94256ABDCD00E5164D /* PBXContainerItemProxy */;
		};
/* End PBXTargetDependency section */

/* Begin XCBuildConfiguration section */
		91826DA4256ABDCE00E5164D /* Debug */ = {
			isa = XCBuildConfiguration;
			buildSettings = {
				ALWAYS_SEARCH_USER_PATHS = NO;
				CLANG_ANALYZER_NONNULL = YES;
				CLANG_ANALYZER_NUMBER_OBJECT_CONVERSION = YES_AGGRESSIVE;
				CLANG_CXX_LANGUAGE_STANDARD = "gnu++14";
				CLANG_CXX_LIBRARY = "libc++";
				CLANG_ENABLE_MODULES = YES;
				CLANG_ENABLE_OBJC_ARC = YES;
				CLANG_ENABLE_OBJC_WEAK = YES;
				CLANG_WARN_BLOCK_CAPTURE_AUTORELEASING = YES;
				CLANG_WARN_BOOL_CONVERSION = YES;
				CLANG_WARN_COMMA = YES;
				CLANG_WARN_CONSTANT_CONVERSION = YES;
				CLANG_WARN_DEPRECATED_OBJC_IMPLEMENTATIONS = YES;
				CLANG_WARN_DIRECT_OBJC_ISA_USAGE = YES_ERROR;
				CLANG_WARN_DOCUMENTATION_COMMENTS = YES;
				CLANG_WARN_EMPTY_BODY = YES;
				CLANG_WARN_ENUM_CONVERSION = YES;
				CLANG_WARN_INFINITE_RECURSION = YES;
				CLANG_WARN_INT_CONVERSION = YES;
				CLANG_WARN_NON_LITERAL_NULL_CONVERSION = YES;
				CLANG_WARN_OBJC_IMPLICIT_RETAIN_SELF = YES;
				CLANG_WARN_OBJC_LITERAL_CONVERSION = YES;
				CLANG_WARN_OBJC_ROOT_CLASS = YES_ERROR;
				CLANG_WARN_QUOTED_INCLUDE_IN_FRAMEWORK_HEADER = YES;
				CLANG_WARN_RANGE_LOOP_ANALYSIS = YES;
				CLANG_WARN_STRICT_PROTOTYPES = YES;
				CLANG_WARN_SUSPICIOUS_MOVE = YES;
				CLANG_WARN_UNGUARDED_AVAILABILITY = YES_AGGRESSIVE;
				CLANG_WARN_UNREACHABLE_CODE = YES;
				CLANG_WARN__DUPLICATE_METHOD_MATCH = YES;
				COPY_PHASE_STRIP = NO;
				DEBUG_INFORMATION_FORMAT = dwarf;
				ENABLE_STRICT_OBJC_MSGSEND = YES;
				ENABLE_TESTABILITY = YES;
				GCC_C_LANGUAGE_STANDARD = gnu11;
				GCC_DYNAMIC_NO_PIC = NO;
				GCC_NO_COMMON_BLOCKS = YES;
				GCC_OPTIMIZATION_LEVEL = 0;
				GCC_PREPROCESSOR_DEFINITIONS = (
					"DEBUG=1",
					"$(inherited)",
				);
				GCC_WARN_64_TO_32_BIT_CONVERSION = YES;
				GCC_WARN_ABOUT_RETURN_TYPE = YES_ERROR;
				GCC_WARN_UNDECLARED_SELECTOR = YES;
				GCC_WARN_UNINITIALIZED_AUTOS = YES_AGGRESSIVE;
				GCC_WARN_UNUSED_FUNCTION = YES;
				GCC_WARN_UNUSED_VARIABLE = YES;
				MTL_ENABLE_DEBUG_INFO = INCLUDE_SOURCE;
				MTL_FAST_MATH = YES;
				ONLY_ACTIVE_ARCH = YES;
				SWIFT_ACTIVE_COMPILATION_CONDITIONS = DEBUG;
				SWIFT_OPTIMIZATION_LEVEL = "-Onone";
			};
			name = Debug;
		};
		91826DA5256ABDCE00E5164D /* Release */ = {
			isa = XCBuildConfiguration;
			buildSettings = {
				ALWAYS_SEARCH_USER_PATHS = NO;
				CLANG_ANALYZER_NONNULL = YES;
				CLANG_ANALYZER_NUMBER_OBJECT_CONVERSION = YES_AGGRESSIVE;
				CLANG_CXX_LANGUAGE_STANDARD = "gnu++14";
				CLANG_CXX_LIBRARY = "libc++";
				CLANG_ENABLE_MODULES = YES;
				CLANG_ENABLE_OBJC_ARC = YES;
				CLANG_ENABLE_OBJC_WEAK = YES;
				CLANG_WARN_BLOCK_CAPTURE_AUTORELEASING = YES;
				CLANG_WARN_BOOL_CONVERSION = YES;
				CLANG_WARN_COMMA = YES;
				CLANG_WARN_CONSTANT_CONVERSION = YES;
				CLANG_WARN_DEPRECATED_OBJC_IMPLEMENTATIONS = YES;
				CLANG_WARN_DIRECT_OBJC_ISA_USAGE = YES_ERROR;
				CLANG_WARN_DOCUMENTATION_COMMENTS = YES;
				CLANG_WARN_EMPTY_BODY = YES;
				CLANG_WARN_ENUM_CONVERSION = YES;
				CLANG_WARN_INFINITE_RECURSION = YES;
				CLANG_WARN_INT_CONVERSION = YES;
				CLANG_WARN_NON_LITERAL_NULL_CONVERSION = YES;
				CLANG_WARN_OBJC_IMPLICIT_RETAIN_SELF = YES;
				CLANG_WARN_OBJC_LITERAL_CONVERSION = YES;
				CLANG_WARN_OBJC_ROOT_CLASS = YES_ERROR;
				CLANG_WARN_QUOTED_INCLUDE_IN_FRAMEWORK_HEADER = YES;
				CLANG_WARN_RANGE_LOOP_ANALYSIS = YES;
				CLANG_WARN_STRICT_PROTOTYPES = YES;
				CLANG_WARN_SUSPICIOUS_MOVE = YES;
				CLANG_WARN_UNGUARDED_AVAILABILITY = YES_AGGRESSIVE;
				CLANG_WARN_UNREACHABLE_CODE = YES;
				CLANG_WARN__DUPLICATE_METHOD_MATCH = YES;
				COPY_PHASE_STRIP = NO;
				DEBUG_INFORMATION_FORMAT = "dwarf-with-dsym";
				ENABLE_NS_ASSERTIONS = NO;
				ENABLE_STRICT_OBJC_MSGSEND = YES;
				GCC_C_LANGUAGE_STANDARD = gnu11;
				GCC_NO_COMMON_BLOCKS = YES;
				GCC_WARN_64_TO_32_BIT_CONVERSION = YES;
				GCC_WARN_ABOUT_RETURN_TYPE = YES_ERROR;
				GCC_WARN_UNDECLARED_SELECTOR = YES;
				GCC_WARN_UNINITIALIZED_AUTOS = YES_AGGRESSIVE;
				GCC_WARN_UNUSED_FUNCTION = YES;
				GCC_WARN_UNUSED_VARIABLE = YES;
				MTL_ENABLE_DEBUG_INFO = NO;
				MTL_FAST_MATH = YES;
				SWIFT_COMPILATION_MODE = wholemodule;
				SWIFT_OPTIMIZATION_LEVEL = "-O";
			};
			name = Release;
		};
		91826DA7256ABDCE00E5164D /* Debug */ = {
			isa = XCBuildConfiguration;
			baseConfigurationReference = 6D6AECEED3B2DBADE22905EE /* Pods-Packup (iOS).debug.xcconfig */;
			buildSettings = {
				ASSETCATALOG_COMPILER_APPICON_NAME = AppIcon;
				ASSETCATALOG_COMPILER_GLOBAL_ACCENT_COLOR_NAME = AccentColor;
				CODE_SIGN_STYLE = Automatic;
				DEVELOPMENT_TEAM = A564PD26NB;
				ENABLE_PREVIEWS = YES;
				INFOPLIST_FILE = iOS/Info.plist;
				IPHONEOS_DEPLOYMENT_TARGET = 14.0;
				LD_RUNPATH_SEARCH_PATHS = (
					"$(inherited)",
					"@executable_path/Frameworks",
				);
				PRODUCT_BUNDLE_IDENTIFIER = com.xyz.Packup;
				PRODUCT_NAME = Packup;
				SDKROOT = iphoneos;
				SWIFT_VERSION = 5.0;
				TARGETED_DEVICE_FAMILY = "1,2";
			};
			name = Debug;
		};
		91826DA8256ABDCE00E5164D /* Release */ = {
			isa = XCBuildConfiguration;
			baseConfigurationReference = 33FDA5F1A2C389B287F2627B /* Pods-Packup (iOS).release.xcconfig */;
			buildSettings = {
				ASSETCATALOG_COMPILER_APPICON_NAME = AppIcon;
				ASSETCATALOG_COMPILER_GLOBAL_ACCENT_COLOR_NAME = AccentColor;
				CODE_SIGN_STYLE = Automatic;
				DEVELOPMENT_TEAM = A564PD26NB;
				ENABLE_PREVIEWS = YES;
				INFOPLIST_FILE = iOS/Info.plist;
				IPHONEOS_DEPLOYMENT_TARGET = 14.0;
				LD_RUNPATH_SEARCH_PATHS = (
					"$(inherited)",
					"@executable_path/Frameworks",
				);
				PRODUCT_BUNDLE_IDENTIFIER = com.xyz.Packup;
				PRODUCT_NAME = Packup;
				SDKROOT = iphoneos;
				SWIFT_VERSION = 5.0;
				TARGETED_DEVICE_FAMILY = "1,2";
				VALIDATE_PRODUCT = YES;
			};
			name = Release;
		};
		91826DAA256ABDCE00E5164D /* Debug */ = {
			isa = XCBuildConfiguration;
			baseConfigurationReference = A62B5A42ED4C114A1E2F7954 /* Pods-Packup (macOS).debug.xcconfig */;
			buildSettings = {
				ASSETCATALOG_COMPILER_APPICON_NAME = AppIcon;
				ASSETCATALOG_COMPILER_GLOBAL_ACCENT_COLOR_NAME = AccentColor;
				CODE_SIGN_ENTITLEMENTS = macOS/macOS.entitlements;
				CODE_SIGN_IDENTITY = "-";
				CODE_SIGN_STYLE = Automatic;
				COMBINE_HIDPI_IMAGES = YES;
				DEVELOPMENT_TEAM = A564PD26NB;
				ENABLE_HARDENED_RUNTIME = YES;
				ENABLE_PREVIEWS = YES;
				INFOPLIST_FILE = macOS/Info.plist;
				LD_RUNPATH_SEARCH_PATHS = (
					"$(inherited)",
					"@executable_path/../Frameworks",
				);
				MACOSX_DEPLOYMENT_TARGET = 11.0;
				PRODUCT_BUNDLE_IDENTIFIER = com.xyz.Packup;
				PRODUCT_NAME = Packup;
				SDKROOT = macosx;
				SWIFT_VERSION = 5.0;
			};
			name = Debug;
		};
		91826DAB256ABDCE00E5164D /* Release */ = {
			isa = XCBuildConfiguration;
			baseConfigurationReference = 590D2E1063EC8416F645AC41 /* Pods-Packup (macOS).release.xcconfig */;
			buildSettings = {
				ASSETCATALOG_COMPILER_APPICON_NAME = AppIcon;
				ASSETCATALOG_COMPILER_GLOBAL_ACCENT_COLOR_NAME = AccentColor;
				CODE_SIGN_ENTITLEMENTS = macOS/macOS.entitlements;
				CODE_SIGN_IDENTITY = "-";
				CODE_SIGN_STYLE = Automatic;
				COMBINE_HIDPI_IMAGES = YES;
				DEVELOPMENT_TEAM = A564PD26NB;
				ENABLE_HARDENED_RUNTIME = YES;
				ENABLE_PREVIEWS = YES;
				INFOPLIST_FILE = macOS/Info.plist;
				LD_RUNPATH_SEARCH_PATHS = (
					"$(inherited)",
					"@executable_path/../Frameworks",
				);
				MACOSX_DEPLOYMENT_TARGET = 11.0;
				PRODUCT_BUNDLE_IDENTIFIER = com.xyz.Packup;
				PRODUCT_NAME = Packup;
				SDKROOT = macosx;
				SWIFT_VERSION = 5.0;
			};
			name = Release;
		};
		91826DAD256ABDCE00E5164D /* Debug */ = {
			isa = XCBuildConfiguration;
			buildSettings = {
				ALWAYS_EMBED_SWIFT_STANDARD_LIBRARIES = YES;
				CODE_SIGN_STYLE = Automatic;
				DEVELOPMENT_TEAM = A564PD26NB;
				INFOPLIST_FILE = "Tests iOS/Info.plist";
				IPHONEOS_DEPLOYMENT_TARGET = 14.2;
				LD_RUNPATH_SEARCH_PATHS = (
					"$(inherited)",
					"@executable_path/Frameworks",
					"@loader_path/Frameworks",
				);
				PRODUCT_BUNDLE_IDENTIFIER = "com.xyz.Tests-iOS";
				PRODUCT_NAME = "$(TARGET_NAME)";
				SDKROOT = iphoneos;
				SWIFT_VERSION = 5.0;
				TARGETED_DEVICE_FAMILY = "1,2";
				TEST_TARGET_NAME = "Packup (iOS)";
			};
			name = Debug;
		};
		91826DAE256ABDCE00E5164D /* Release */ = {
			isa = XCBuildConfiguration;
			buildSettings = {
				ALWAYS_EMBED_SWIFT_STANDARD_LIBRARIES = YES;
				CODE_SIGN_STYLE = Automatic;
				DEVELOPMENT_TEAM = A564PD26NB;
				INFOPLIST_FILE = "Tests iOS/Info.plist";
				IPHONEOS_DEPLOYMENT_TARGET = 14.2;
				LD_RUNPATH_SEARCH_PATHS = (
					"$(inherited)",
					"@executable_path/Frameworks",
					"@loader_path/Frameworks",
				);
				PRODUCT_BUNDLE_IDENTIFIER = "com.xyz.Tests-iOS";
				PRODUCT_NAME = "$(TARGET_NAME)";
				SDKROOT = iphoneos;
				SWIFT_VERSION = 5.0;
				TARGETED_DEVICE_FAMILY = "1,2";
				TEST_TARGET_NAME = "Packup (iOS)";
				VALIDATE_PRODUCT = YES;
			};
			name = Release;
		};
		91826DB0256ABDCE00E5164D /* Debug */ = {
			isa = XCBuildConfiguration;
			buildSettings = {
				ALWAYS_EMBED_SWIFT_STANDARD_LIBRARIES = YES;
				CODE_SIGN_STYLE = Automatic;
				COMBINE_HIDPI_IMAGES = YES;
				DEVELOPMENT_TEAM = A564PD26NB;
				INFOPLIST_FILE = "Tests macOS/Info.plist";
				LD_RUNPATH_SEARCH_PATHS = (
					"$(inherited)",
					"@executable_path/../Frameworks",
					"@loader_path/../Frameworks",
				);
				MACOSX_DEPLOYMENT_TARGET = 10.15;
				PRODUCT_BUNDLE_IDENTIFIER = "com.xyz.Tests-macOS";
				PRODUCT_NAME = "$(TARGET_NAME)";
				SDKROOT = macosx;
				SWIFT_VERSION = 5.0;
				TEST_TARGET_NAME = "Packup (macOS)";
			};
			name = Debug;
		};
		91826DB1256ABDCE00E5164D /* Release */ = {
			isa = XCBuildConfiguration;
			buildSettings = {
				ALWAYS_EMBED_SWIFT_STANDARD_LIBRARIES = YES;
				CODE_SIGN_STYLE = Automatic;
				COMBINE_HIDPI_IMAGES = YES;
				DEVELOPMENT_TEAM = A564PD26NB;
				INFOPLIST_FILE = "Tests macOS/Info.plist";
				LD_RUNPATH_SEARCH_PATHS = (
					"$(inherited)",
					"@executable_path/../Frameworks",
					"@loader_path/../Frameworks",
				);
				MACOSX_DEPLOYMENT_TARGET = 10.15;
				PRODUCT_BUNDLE_IDENTIFIER = "com.xyz.Tests-macOS";
				PRODUCT_NAME = "$(TARGET_NAME)";
				SDKROOT = macosx;
				SWIFT_VERSION = 5.0;
				TEST_TARGET_NAME = "Packup (macOS)";
			};
			name = Release;
		};
/* End XCBuildConfiguration section */

/* Begin XCConfigurationList section */
		91826D6C256ABDCC00E5164D /* Build configuration list for PBXProject "Packup" */ = {
			isa = XCConfigurationList;
			buildConfigurations = (
				91826DA4256ABDCE00E5164D /* Debug */,
				91826DA5256ABDCE00E5164D /* Release */,
			);
			defaultConfigurationIsVisible = 0;
			defaultConfigurationName = Release;
		};
		91826DA6256ABDCE00E5164D /* Build configuration list for PBXNativeTarget "Packup (iOS)" */ = {
			isa = XCConfigurationList;
			buildConfigurations = (
				91826DA7256ABDCE00E5164D /* Debug */,
				91826DA8256ABDCE00E5164D /* Release */,
			);
			defaultConfigurationIsVisible = 0;
			defaultConfigurationName = Release;
		};
		91826DA9256ABDCE00E5164D /* Build configuration list for PBXNativeTarget "Packup (macOS)" */ = {
			isa = XCConfigurationList;
			buildConfigurations = (
				91826DAA256ABDCE00E5164D /* Debug */,
				91826DAB256ABDCE00E5164D /* Release */,
			);
			defaultConfigurationIsVisible = 0;
			defaultConfigurationName = Release;
		};
		91826DAC256ABDCE00E5164D /* Build configuration list for PBXNativeTarget "Tests iOS" */ = {
			isa = XCConfigurationList;
			buildConfigurations = (
				91826DAD256ABDCE00E5164D /* Debug */,
				91826DAE256ABDCE00E5164D /* Release */,
			);
			defaultConfigurationIsVisible = 0;
			defaultConfigurationName = Release;
		};
		91826DAF256ABDCE00E5164D /* Build configuration list for PBXNativeTarget "Tests macOS" */ = {
			isa = XCConfigurationList;
			buildConfigurations = (
				91826DB0256ABDCE00E5164D /* Debug */,
				91826DB1256ABDCE00E5164D /* Release */,
			);
			defaultConfigurationIsVisible = 0;
			defaultConfigurationName = Release;
		};
/* End XCConfigurationList section */

/* Begin XCVersionGroup section */
		91826D6E256ABDCC00E5164D /* Packup.xcdatamodeld */ = {
			isa = XCVersionGroup;
			children = (
				91826D6F256ABDCC00E5164D /* Shared.xcdatamodel */,
			);
			currentVersion = 91826D6F256ABDCC00E5164D /* Shared.xcdatamodel */;
			path = Packup.xcdatamodeld;
			sourceTree = "<group>";
			versionGroupType = wrapper.xcdatamodel;
		};
/* End XCVersionGroup section */
	};
	rootObject = 91826D69256ABDCC00E5164D /* Project object */;
}
